
Microsoft Visual Studio Solution File, Format Version 12.00
# Visual Studio Version 17
VisualStudioVersion = 17.6.33829.357
MinimumVisualStudioVersion = 10.0.40219.1
Project("{FAE04EC0-301F-11D3-BF4B-00C04F79EFBC}") = "Project-Guess-A-Number", "Project-Guess-A-Number\Project-Guess-A-Number.csproj", "{484800A7-CCA0-4390-8E50-AFD96F6CF806}"
EndProject
Global
	GlobalSection(SolutionConfigurationPlatforms) = preSolution
		Debug|Any CPU = Debug|Any CPU
		Release|Any CPU = Release|Any CPU
	EndGlobalSection
	GlobalSection(ProjectConfigurationPlatforms) = postSolution
		{484800A7-CCA0-4390-8E50-AFD96F6CF806}.Debug|Any CPU.ActiveCfg = Debug|Any CPU
		{484800A7-CCA0-4390-8E50-AFD96F6CF806}.Debug|Any CPU.Build.0 = Debug|Any CPU
		{484800A7-CCA0-4390-8E50-AFD96F6CF806}.Release|Any CPU.ActiveCfg = Release|Any CPU
		{484800A7-CCA0-4390-8E50-AFD96F6CF806}.Release|Any CPU.Build.0 = Release|Any CPU
	EndGlobalSection
	GlobalSection(SolutionProperties) = preSolution
		HideSolutionNode = FALSE
	EndGlobalSection
	GlobalSection(ExtensibilityGlobals) = postSolution
		SolutionGuid = {117A1F69-25CA-48DF-BB0C-10EA06849E75}
	EndGlobalSection
EndGlobal
